
Microsoft Visual Studio Solution File, Format Version 12.00
# Visual Studio Version 16
VisualStudioVersion = 25.0.1703.0
MinimumVisualStudioVersion = 10.0.40219.1
Project("{FAE04EC0-301F-11D3-BF4B-00C04F79EFBC}") = "HybirdLouvainSA", "HybirdLouvainSA.csproj", "{1BCC04BB-3A08-41D5-881B-CA89CBC1585B}"
EndProject
Global
	GlobalSection(SolutionConfigurationPlatforms) = preSolution
		Debug|Any CPU = Debug|Any CPU
		Release|Any CPU = Release|Any CPU
	EndGlobalSection
	GlobalSection(ProjectConfigurationPlatforms) = postSolution
		{1BCC04BB-3A08-41D5-881B-CA89CBC1585B}.Debug|Any CPU.ActiveCfg = Debug|Any CPU
		{1BCC04BB-3A08-41D5-881B-CA89CBC1585B}.Debug|Any CPU.Build.0 = Debug|Any CPU
		{1BCC04BB-3A08-41D5-881B-CA89CBC1585B}.Release|Any CPU.ActiveCfg = Release|Any CPU
		{1BCC04BB-3A08-41D5-881B-CA89CBC1585B}.Release|Any CPU.Build.0 = Release|Any CPU
	EndGlobalSection
	GlobalSection(SolutionProperties) = preSolution
		HideSolutionNode = FALSE
	EndGlobalSection
	GlobalSection(ExtensibilityGlobals) = postSolution
		SolutionGuid = {9A621629-230A-4697-8315-35B2226B0753}
	EndGlobalSection
EndGlobal
